
Microsoft Visual Studio Solution File, Format Version 12.00
# Visual Studio Version 17
VisualStudioVersion = 17.4.33205.214
MinimumVisualStudioVersion = 10.0.40219.1
Project("{FAE04EC0-301F-11D3-BF4B-00C04F79EFBC}") = "B1K_API", "B1K_API\B1K_API.csproj", "{0E2F7049-0222-431C-BEEE-1E90A240E201}"
EndProject
Global
	GlobalSection(SolutionConfigurationPlatforms) = preSolution
		Debug|Any CPU = Debug|Any CPU
		Release|Any CPU = Release|Any CPU
	EndGlobalSection
	GlobalSection(ProjectConfigurationPlatforms) = postSolution
		{0E2F7049-0222-431C-BEEE-1E90A240E201}.Debug|Any CPU.ActiveCfg = Debug|Any CPU
		{0E2F7049-0222-431C-BEEE-1E90A240E201}.Debug|Any CPU.Build.0 = Debug|Any CPU
		{0E2F7049-0222-431C-BEEE-1E90A240E201}.Release|Any CPU.ActiveCfg = Release|Any CPU
		{0E2F7049-0222-431C-BEEE-1E90A240E201}.Release|Any CPU.Build.0 = Release|Any CPU
	EndGlobalSection
	GlobalSection(SolutionProperties) = preSolution
		HideSolutionNode = FALSE
	EndGlobalSection
	GlobalSection(ExtensibilityGlobals) = postSolution
		SolutionGuid = {95E17770-DD52-4B8D-8DF0-F661382CD0A2}
	EndGlobalSection
EndGlobal
